
Microsoft Visual Studio Solution File, Format Version 12.00
# Visual Studio Version 17
VisualStudioVersion = 17.0.31612.314
MinimumVisualStudioVersion = 17.0.31612.314
Project("{2150E333-8FDC-42A3-9474-1A3956D46DE8}") = "Solution Items", "Solution Items", "{5E7D0FEE-F9B4-4F1B-B32B-2E1749B22353}"
	ProjectSection(SolutionItems) = preProject
		.editorconfig = .editorconfig
		.gitattributes = .gitattributes
		.gitignore = .gitignore
		Directory.Build.props = Directory.Build.props
		global.json = global.json
		LICENSE = LICENSE
		nuget.config = nuget.config
		README.md = README.md
		THIRD-PARTY-NOTICES.TXT = THIRD-PARTY-NOTICES.TXT
		Versions.props = Versions.props
	EndProjectSection
EndProject
Project("{2150E333-8FDC-42A3-9474-1A3956D46DE8}") = "src", "src", "{70061BA5-5173-48A6-8D0C-098142608982}"
EndProject
Project("{2150E333-8FDC-42A3-9474-1A3956D46DE8}") = "test", "test", "{47976FAC-8B20-46BD-8A00-0818AF80F9C3}"
EndProject
Project("{2150E333-8FDC-42A3-9474-1A3956D46DE8}") = "media", "media", "{CA475D9F-225C-45A7-B600-ECC7908A7881}"
	ProjectSection(SolutionItems) = preProject
		media\NerdyDuck.Logging-64x64.png = media\NerdyDuck.Logging-64x64.png
		media\NerdyDuck.Logging.svg = media\NerdyDuck.Logging.svg
	EndProjectSection
EndProject
Project("{2150E333-8FDC-42A3-9474-1A3956D46DE8}") = "shared", "shared", "{92F60D22-FAC2-433C-BBFC-847C69B9AE5C}"
	ProjectSection(SolutionItems) = preProject
		shared\NerdyDuck.Logging.snk = shared\NerdyDuck.Logging.snk
	EndProjectSection
EndProject
Project("{9A19103F-16F7-4668-BE54-9A1E7A4F7556}") = "Logging", "src\Logging\Logging.csproj", "{7B98324E-9D82-41A6-8246-2AED93F7FA6D}"
EndProject
Global
	GlobalSection(SolutionConfigurationPlatforms) = preSolution
	EndGlobalSection
	GlobalSection(ProjectConfigurationPlatforms) = postSolution
	EndGlobalSection
	GlobalSection(SolutionProperties) = preSolution
		HideSolutionNode = FALSE
	EndGlobalSection
	GlobalSection(NestedProjects) = preSolution
		{7B98324E-9D82-41A6-8246-2AED93F7FA6D} = {70061BA5-5173-48A6-8D0C-098142608982}
	EndGlobalSection
EndGlobal
